# This file is automatically @generated by Cargo.
# It is not intended for manual editing.
version = 4

[[package]]
name = "ink-core"
version = "0.1.0"
dependencies = [
 "ink-doc",
 "ink-render",
 "lntrn-image",
]

[[package]]
name = "ink-doc"
version = "0.1.0"
dependencies = [
 "ink-geom",
 "lntrn-math",
]

[[package]]
name = "ink-geom"
version = "0.1.0"
dependencies = [
 "lntrn-math",
]

[[package]]
name = "ink-render"
version = "0.1.0"
dependencies = [
 "ink-doc",
 "ink-geom",
 "lntrn-image",
 "lntrn-math",
 "lntrn-svg",
]

[[package]]
name = "lntrn-image"
version = "0.2.0"

[[package]]
name = "lntrn-math"
version = "0.2.0"

[[package]]
name = "lntrn-svg"
version = "0.2.0"
dependencies = [
 "lntrn-image",
]
