# This file is automatically @generated by Cargo.
# It is not intended for manual editing.
version = 4

[[package]]
name = "ink-core"
version = "0.1.0"
dependencies = [
 "ink-doc",
 "ink-render",
 "lntrn-image",
]

[[package]]
name = "ink-doc"
version = "0.1.0"
dependencies = [
 "ink-geom",
 "lntrn-math",
]

[[package]]
name = "ink-geom"
version = "0.1.0"
dependencies = [
 "lntrn-math",
]

[[package]]
name = "ink-mcp"
version = "0.1.0"
dependencies = [
 "ink-core",
 "ink-tools",
 "lntrn-core",
 "lntrn-mcp",
]

[[package]]
name = "ink-render"
version = "0.1.0"
dependencies = [
 "ink-doc",
 "ink-geom",
 "lntrn-image",
 "lntrn-math",
 "lntrn-svg",
]

[[package]]
name = "ink-tools"
version = "0.1.0"
dependencies = [
 "ink-core",
 "ink-geom",
 "lntrn-core",
 "lntrn-data",
 "lntrn-image",
 "lntrn-mcp",
 "lntrn-svg",
]

[[package]]
name = "lntrn-core"
version = "0.2.0"

[[package]]
name = "lntrn-data"
version = "0.2.0"
dependencies = [
 "lntrn-core",
 "lntrn-math",
 "lntrn-props",
]

[[package]]
name = "lntrn-image"
version = "0.2.0"

[[package]]
name = "lntrn-math"
version = "0.2.0"

[[package]]
name = "lntrn-mcp"
version = "0.2.0"
dependencies = [
 "lntrn-core",
 "lntrn-data",
]

[[package]]
name = "lntrn-props"
version = "0.2.0"
dependencies = [
 "lntrn-core",
 "lntrn-math",
]

[[package]]
name = "lntrn-svg"
version = "0.2.0"
dependencies = [
 "lntrn-image",
]
